
Microsoft Visual Studio Solution File, Format Version 11.00
# Visual Studio 2010
Project("{FAE04EC0-301F-11D3-BF4B-00C04F79EFBC}") = "jquery-ui-pt-coverflow", "Webroot\jquery-ui-pt-coverflow.csproj", "{A6A5DB5C-CB14-4BAC-87A1-2D7F04C27EF1}"
EndProject
Global
	GlobalSection(SolutionConfigurationPlatforms) = preSolution
		Debug|Any CPU = Debug|Any CPU
		Release|Any CPU = Release|Any CPU
	EndGlobalSection
	GlobalSection(ProjectConfigurationPlatforms) = postSolution
		{A6A5DB5C-CB14-4BAC-87A1-2D7F04C27EF1}.Debug|Any CPU.ActiveCfg = Debug|Any CPU
		{A6A5DB5C-CB14-4BAC-87A1-2D7F04C27EF1}.Debug|Any CPU.Build.0 = Debug|Any CPU
		{A6A5DB5C-CB14-4BAC-87A1-2D7F04C27EF1}.Release|Any CPU.ActiveCfg = Release|Any CPU
		{A6A5DB5C-CB14-4BAC-87A1-2D7F04C27EF1}.Release|Any CPU.Build.0 = Release|Any CPU
	EndGlobalSection
	GlobalSection(SolutionProperties) = preSolution
		HideSolutionNode = FALSE
	EndGlobalSection
EndGlobal
