
Microsoft Visual Studio Solution File, Format Version 12.00
# Visual Studio 2013
VisualStudioVersion = 12.0.31101.0
MinimumVisualStudioVersion = 10.0.40219.1
Project("{FAE04EC0-301F-11D3-BF4B-00C04F79EFBC}") = "jquery-ui-pt-coverflow", "Webroot\jquery-ui-pt-coverflow.csproj", "{A6A5DB5C-CB14-4BAC-87A1-2D7F04C27EF1}"
EndProject
Project("{2150E333-8FDC-42A3-9474-1A3956D46DE8}") = "docs", "docs", "{CCF6F1C3-2C7C-45AB-A444-52BB8E145271}"
	ProjectSection(SolutionItems) = preProject
		docs\doc.xml = docs\doc.xml
		docs\doc.xslt = docs\doc.xslt
		docs\jquery-ui-pt-coverflow.doc.xml = docs\jquery-ui-pt-coverflow.doc.xml
		docs\jquery-ui-pt-coverflow.doc.xslt = docs\jquery-ui-pt-coverflow.doc.xslt
		docs\jquery-ui-pt-coverflow.html = docs\jquery-ui-pt-coverflow.html
		docs\readme.txt = docs\readme.txt
	EndProjectSection
EndProject
Global
	GlobalSection(SolutionConfigurationPlatforms) = preSolution
		Debug|Any CPU = Debug|Any CPU
		Release|Any CPU = Release|Any CPU
	EndGlobalSection
	GlobalSection(ProjectConfigurationPlatforms) = postSolution
		{A6A5DB5C-CB14-4BAC-87A1-2D7F04C27EF1}.Debug|Any CPU.ActiveCfg = Debug|Any CPU
		{A6A5DB5C-CB14-4BAC-87A1-2D7F04C27EF1}.Debug|Any CPU.Build.0 = Debug|Any CPU
		{A6A5DB5C-CB14-4BAC-87A1-2D7F04C27EF1}.Release|Any CPU.ActiveCfg = Release|Any CPU
		{A6A5DB5C-CB14-4BAC-87A1-2D7F04C27EF1}.Release|Any CPU.Build.0 = Release|Any CPU
	EndGlobalSection
	GlobalSection(SolutionProperties) = preSolution
		HideSolutionNode = FALSE
	EndGlobalSection
EndGlobal
